
Microsoft Visual Studio Solution File, Format Version 12.00
# Visual Studio 14
VisualStudioVersion = 14.0.25123.0
MinimumVisualStudioVersion = 10.0.40219.1
Project("{FAE04EC0-301F-11D3-BF4B-00C04F79EFBC}") = "Client", "Client\Client.csproj", "{B6967584-6A02-490B-B165-7756EC540CC6}"
EndProject
Project("{FAE04EC0-301F-11D3-BF4B-00C04F79EFBC}") = "Server", "Server\Server.csproj", "{28919CFB-9E75-4B88-A396-F03F56C3CADE}"
EndProject
Global
	GlobalSection(SolutionConfigurationPlatforms) = preSolution
		Debug|Any CPU = Debug|Any CPU
		Release|Any CPU = Release|Any CPU
	EndGlobalSection
	GlobalSection(ProjectConfigurationPlatforms) = postSolution
		{B6967584-6A02-490B-B165-7756EC540CC6}.Debug|Any CPU.ActiveCfg = Debug|Any CPU
		{B6967584-6A02-490B-B165-7756EC540CC6}.Debug|Any CPU.Build.0 = Debug|Any CPU
		{B6967584-6A02-490B-B165-7756EC540CC6}.Release|Any CPU.ActiveCfg = Release|Any CPU
		{B6967584-6A02-490B-B165-7756EC540CC6}.Release|Any CPU.Build.0 = Release|Any CPU
		{28919CFB-9E75-4B88-A396-F03F56C3CADE}.Debug|Any CPU.ActiveCfg = Debug|Any CPU
		{28919CFB-9E75-4B88-A396-F03F56C3CADE}.Debug|Any CPU.Build.0 = Debug|Any CPU
		{28919CFB-9E75-4B88-A396-F03F56C3CADE}.Release|Any CPU.ActiveCfg = Release|Any CPU
		{28919CFB-9E75-4B88-A396-F03F56C3CADE}.Release|Any CPU.Build.0 = Release|Any CPU
	EndGlobalSection
	GlobalSection(SolutionProperties) = preSolution
		HideSolutionNode = FALSE
	EndGlobalSection
EndGlobal
